[root]
name = "git"
version = "0.1.0"
dependencies = [
 "sha1 0.1.1 (registry+https://github.com/rust-lang/crates.io-index)",
]

[[package]]
name = "byteorder"
version = "0.5.1"
source = "registry+https://github.com/rust-lang/crates.io-index"

[[package]]
name = "sha1"
version = "0.1.1"
source = "registry+https://github.com/rust-lang/crates.io-index"
dependencies = [
 "byteorder 0.5.1 (registry+https://github.com/rust-lang/crates.io-index)",
]

